// !$*UTF8*$!
{
	archiveVersion = 1;
	classes = {
	};
	objectVersion = 46;
	objects = {

/* Begin PBXBuildFile section */
		6916FB251FCAB0B3000C311A /* ModifyTableViewCell.m in Sources */ = {isa = PBXBuildFile; fileRef = 6916FB231FCAB0B3000C311A /* ModifyTableViewCell.m */; };
		6916FB261FCAB0B3000C311A /* ModifyTableViewCell.xib in Resources */ = {isa = PBXBuildFile; fileRef = 6916FB241FCAB0B3000C311A /* ModifyTableViewCell.xib */; };
		F42584561F6FBF5800DDE955 /* lyhaoStreamManager.m in Sources */ = {isa = PBXBuildFile; fileRef = F42584551F6FBF5800DDE955 /* lyhaoStreamManager.m */; };
		F42584591F6FC3C100DDE955 /* StudentModel.m in Sources */ = {isa = PBXBuildFile; fileRef = F42584581F6FC3C100DDE955 /* StudentModel.m */; };
		F425845E1F70EE1700DDE955 /* ModifyViewController.m in Sources */ = {isa = PBXBuildFile; fileRef = F425845C1F70EE1700DDE955 /* ModifyViewController.m */; };
		F425845F1F70EE1700DDE955 /* ModifyViewController.xib in Resources */ = {isa = PBXBuildFile; fileRef = F425845D1F70EE1700DDE955 /* ModifyViewController.xib */; };
		F42584631F70F2E700DDE955 /* AddViewController.m in Sources */ = {isa = PBXBuildFile; fileRef = F42584611F70F2E700DDE955 /* AddViewController.m */; };
		F42584641F70F2E700DDE955 /* AddViewController.xib in Resources */ = {isa = PBXBuildFile; fileRef = F42584621F70F2E700DDE955 /* AddViewController.xib */; };
		F42F3FE41FBAA1C800ABFA9B /* LyhaoTools.m in Sources */ = {isa = PBXBuildFile; fileRef = F42F3FE31FBAA1C800ABFA9B /* LyhaoTools.m */; };
		F44127471F6B75830074720F /* main.m in Sources */ = {isa = PBXBuildFile; fileRef = F44127461F6B75830074720F /* main.m */; };
		F441274A1F6B75830074720F /* AppDelegate.m in Sources */ = {isa = PBXBuildFile; fileRef = F44127491F6B75830074720F /* AppDelegate.m */; };
		F44127551F6B75830074720F /* LaunchScreen.storyboard in Resources */ = {isa = PBXBuildFile; fileRef = F44127531F6B75830074720F /* LaunchScreen.storyboard */; };
		F4899F3F1F986F97004D7584 /* StudentLoginRegisterViewController.m in Sources */ = {isa = PBXBuildFile; fileRef = F4899F3D1F986F97004D7584 /* StudentLoginRegisterViewController.m */; };
		F4899F401F986F97004D7584 /* StudentLoginRegisterViewController.xib in Resources */ = {isa = PBXBuildFile; fileRef = F4899F3E1F986F97004D7584 /* StudentLoginRegisterViewController.xib */; };
		F4899F431F987133004D7584 /* StudentUserDefaults.m in Sources */ = {isa = PBXBuildFile; fileRef = F4899F421F987133004D7584 /* StudentUserDefaults.m */; };
		F493EC1D1F6F8F3A001018CE /* lyhaoSocketManager.m in Sources */ = {isa = PBXBuildFile; fileRef = F493EC1C1F6F8F3A001018CE /* lyhaoSocketManager.m */; };
		F4AABE7B1F6FBA03003526CD /* StudentListViewController.m in Sources */ = {isa = PBXBuildFile; fileRef = F4AABE791F6FBA03003526CD /* StudentListViewController.m */; };
		F4AABE7C1F6FBA03003526CD /* StudentListViewController.xib in Resources */ = {isa = PBXBuildFile; fileRef = F4AABE7A1F6FBA03003526CD /* StudentListViewController.xib */; };
		F4AABE801F6FBA1E003526CD /* StudentDetailTableViewCell.m in Sources */ = {isa = PBXBuildFile; fileRef = F4AABE7E1F6FBA1E003526CD /* StudentDetailTableViewCell.m */; };
		F4AABE811F6FBA1E003526CD /* StudentDetailTableViewCell.xib in Resources */ = {isa = PBXBuildFile; fileRef = F4AABE7F1F6FBA1E003526CD /* StudentDetailTableViewCell.xib */; };
/* End PBXBuildFile section */

/* Begin PBXFileReference section */
		6916FB221FCAB0B3000C311A /* ModifyTableViewCell.h */ = {isa = PBXFileReference; lastKnownFileType = sourcecode.c.h; path = ModifyTableViewCell.h; sourceTree = "<group>"; };
		6916FB231FCAB0B3000C311A /* ModifyTableViewCell.m */ = {isa = PBXFileReference; lastKnownFileType = sourcecode.c.objc; path = ModifyTableViewCell.m; sourceTree = "<group>"; };
		6916FB241FCAB0B3000C311A /* ModifyTableViewCell.xib */ = {isa = PBXFileReference; lastKnownFileType = file.xib; path = ModifyTableViewCell.xib; sourceTree = "<group>"; };
		F42584541F6FBF5800DDE955 /* lyhaoStreamManager.h */ = {isa = PBXFileReference; lastKnownFileType = sourcecode.c.h; path = lyhaoStreamManager.h; sourceTree = "<group>"; };
		F42584551F6FBF5800DDE955 /* lyhaoStreamManager.m */ = {isa = PBXFileReference; lastKnownFileType = sourcecode.c.objc; path = lyhaoStreamManager.m; sourceTree = "<group>"; };
		F42584571F6FC3C100DDE955 /* StudentModel.h */ = {isa = PBXFileReference; lastKnownFileType = sourcecode.c.h; path = StudentModel.h; sourceTree = "<group>"; };
		F42584581F6FC3C100DDE955 /* StudentModel.m */ = {isa = PBXFileReference; lastKnownFileType = sourcecode.c.objc; path = StudentModel.m; sourceTree = "<group>"; };
		F425845B1F70EE1700DDE955 /* ModifyViewController.h */ = {isa = PBXFileReference; lastKnownFileType = sourcecode.c.h; path = ModifyViewController.h; sourceTree = "<group>"; };
		F425845C1F70EE1700DDE955 /* ModifyViewController.m */ = {isa = PBXFileReference; lastKnownFileType = sourcecode.c.objc; path = ModifyViewController.m; sourceTree = "<group>"; };
		F425845D1F70EE1700DDE955 /* ModifyViewController.xib */ = {isa = PBXFileReference; lastKnownFileType = file.xib; path = ModifyViewController.xib; sourceTree = "<group>"; };
		F42584601F70F2E700DDE955 /* AddViewController.h */ = {isa = PBXFileReference; lastKnownFileType = sourcecode.c.h; path = AddViewController.h; sourceTree = "<group>"; };
		F42584611F70F2E700DDE955 /* AddViewController.m */ = {isa = PBXFileReference; lastKnownFileType = sourcecode.c.objc; path = AddViewController.m; sourceTree = "<group>"; };
		F42584621F70F2E700DDE955 /* AddViewController.xib */ = {isa = PBXFileReference; lastKnownFileType = file.xib; path = AddViewController.xib; sourceTree = "<group>"; };
		F42F3FE11FBAA1AF00ABFA9B /* LyhaoCommon.h */ = {isa = PBXFileReference; fileEncoding = 4; lastKnownFileType = sourcecode.c.h; path = LyhaoCommon.h; sourceTree = "<group>"; };
		F42F3FE21FBAA1C800ABFA9B /* LyhaoTools.h */ = {isa = PBXFileReference; lastKnownFileType = sourcecode.c.h; path = LyhaoTools.h; sourceTree = "<group>"; };
		F42F3FE31FBAA1C800ABFA9B /* LyhaoTools.m */ = {isa = PBXFileReference; lastKnownFileType = sourcecode.c.objc; path = LyhaoTools.m; sourceTree = "<group>"; };
		F44127421F6B75830074720F /* cfstreamMsg.app */ = {isa = PBXFileReference; explicitFileType = wrapper.application; includeInIndex = 0; path = cfstreamMsg.app; sourceTree = BUILT_PRODUCTS_DIR; };
		F44127461F6B75830074720F /* main.m */ = {isa = PBXFileReference; lastKnownFileType = sourcecode.c.objc; path = main.m; sourceTree = "<group>"; };
		F44127481F6B75830074720F /* AppDelegate.h */ = {isa = PBXFileReference; lastKnownFileType = sourcecode.c.h; path = AppDelegate.h; sourceTree = "<group>"; };
		F44127491F6B75830074720F /* AppDelegate.m */ = {isa = PBXFileReference; lastKnownFileType = sourcecode.c.objc; path = AppDelegate.m; sourceTree = "<group>"; };
		F44127541F6B75830074720F /* Base */ = {isa = PBXFileReference; lastKnownFileType = file.storyboard; name = Base; path = Base.lproj/LaunchScreen.storyboard; sourceTree = "<group>"; };
		F44127561F6B75830074720F /* Info.plist */ = {isa = PBXFileReference; lastKnownFileType = text.plist.xml; path = Info.plist; sourceTree = "<group>"; };
		F4899F3C1F986F97004D7584 /* StudentLoginRegisterViewController.h */ = {isa = PBXFileReference; lastKnownFileType = sourcecode.c.h; path = StudentLoginRegisterViewController.h; sourceTree = "<group>"; };
		F4899F3D1F986F97004D7584 /* StudentLoginRegisterViewController.m */ = {isa = PBXFileReference; lastKnownFileType = sourcecode.c.objc; path = StudentLoginRegisterViewController.m; sourceTree = "<group>"; };
		F4899F3E1F986F97004D7584 /* StudentLoginRegisterViewController.xib */ = {isa = PBXFileReference; lastKnownFileType = file.xib; path = StudentLoginRegisterViewController.xib; sourceTree = "<group>"; };
		F4899F411F987133004D7584 /* StudentUserDefaults.h */ = {isa = PBXFileReference; lastKnownFileType = sourcecode.c.h; path = StudentUserDefaults.h; sourceTree = "<group>"; };
		F4899F421F987133004D7584 /* StudentUserDefaults.m */ = {isa = PBXFileReference; lastKnownFileType = sourcecode.c.objc; path = StudentUserDefaults.m; sourceTree = "<group>"; };
		F493EC1B1F6F8F3A001018CE /* lyhaoSocketManager.h */ = {isa = PBXFileReference; lastKnownFileType = sourcecode.c.h; path = lyhaoSocketManager.h; sourceTree = "<group>"; };
		F493EC1C1F6F8F3A001018CE /* lyhaoSocketManager.m */ = {isa = PBXFileReference; lastKnownFileType = sourcecode.c.objc; path = lyhaoSocketManager.m; sourceTree = "<group>"; };
		F4AABE781F6FBA03003526CD /* StudentListViewController.h */ = {isa = PBXFileReference; lastKnownFileType = sourcecode.c.h; path = StudentListViewController.h; sourceTree = "<group>"; };
		F4AABE791F6FBA03003526CD /* StudentListViewController.m */ = {isa = PBXFileReference; lastKnownFileType = sourcecode.c.objc; path = StudentListViewController.m; sourceTree = "<group>"; };
		F4AABE7A1F6FBA03003526CD /* StudentListViewController.xib */ = {isa = PBXFileReference; lastKnownFileType = file.xib; path = StudentListViewController.xib; sourceTree = "<group>"; };
		F4AABE7D1F6FBA1E003526CD /* StudentDetailTableViewCell.h */ = {isa = PBXFileReference; lastKnownFileType = sourcecode.c.h; path = StudentDetailTableViewCell.h; sourceTree = "<group>"; };
		F4AABE7E1F6FBA1E003526CD /* StudentDetailTableViewCell.m */ = {isa = PBXFileReference; lastKnownFileType = sourcecode.c.objc; path = StudentDetailTableViewCell.m; sourceTree = "<group>"; };
		F4AABE7F1F6FBA1E003526CD /* StudentDetailTableViewCell.xib */ = {isa = PBXFileReference; lastKnownFileType = file.xib; path = StudentDetailTableViewCell.xib; sourceTree = "<group>"; };
/* End PBXFileReference section */

/* Begin PBXFrameworksBuildPhase section */
		F441273F1F6B75830074720F /* Frameworks */ = {
			isa = PBXFrameworksBuildPhase;
			buildActionMask = 2147483647;
			files = (
			);
			runOnlyForDeploymentPostprocessing = 0;
		};
/* End PBXFrameworksBuildPhase section */

/* Begin PBXGroup section */
		6916FB271FCAB0BD000C311A /* Modify */ = {
			isa = PBXGroup;
			children = (
				F425845B1F70EE1700DDE955 /* ModifyViewController.h */,
				F425845C1F70EE1700DDE955 /* ModifyViewController.m */,
				F425845D1F70EE1700DDE955 /* ModifyViewController.xib */,
				6916FB221FCAB0B3000C311A /* ModifyTableViewCell.h */,
				6916FB231FCAB0B3000C311A /* ModifyTableViewCell.m */,
				6916FB241FCAB0B3000C311A /* ModifyTableViewCell.xib */,
			);
			name = Modify;
			sourceTree = "<group>";
		};
		6916FB281FCAB0CF000C311A /* Add */ = {
			isa = PBXGroup;
			children = (
				F42584601F70F2E700DDE955 /* AddViewController.h */,
				F42584611F70F2E700DDE955 /* AddViewController.m */,
				F42584621F70F2E700DDE955 /* AddViewController.xib */,
			);
			name = Add;
			sourceTree = "<group>";
		};
		F42584521F6FBF2000DDE955 /* Student */ = {
			isa = PBXGroup;
			children = (
				F42584571F6FC3C100DDE955 /* StudentModel.h */,
				F42584581F6FC3C100DDE955 /* StudentModel.m */,
				F4899F411F987133004D7584 /* StudentUserDefaults.h */,
				F4899F421F987133004D7584 /* StudentUserDefaults.m */,
				F4899F3C1F986F97004D7584 /* StudentLoginRegisterViewController.h */,
				F4899F3D1F986F97004D7584 /* StudentLoginRegisterViewController.m */,
				F4899F3E1F986F97004D7584 /* StudentLoginRegisterViewController.xib */,
				F4AABE781F6FBA03003526CD /* StudentListViewController.h */,
				F4AABE791F6FBA03003526CD /* StudentListViewController.m */,
				F4AABE7A1F6FBA03003526CD /* StudentListViewController.xib */,
				F4AABE7D1F6FBA1E003526CD /* StudentDetailTableViewCell.h */,
				F4AABE7E1F6FBA1E003526CD /* StudentDetailTableViewCell.m */,
				F4AABE7F1F6FBA1E003526CD /* StudentDetailTableViewCell.xib */,
			);
			name = Student;
			sourceTree = "<group>";
		};
		F42584531F6FBF3500DDE955 /* Socket */ = {
			isa = PBXGroup;
			children = (
				F4370B421F7E2ACF005FE541 /* NotUse */,
				F493EC1B1F6F8F3A001018CE /* lyhaoSocketManager.h */,
				F493EC1C1F6F8F3A001018CE /* lyhaoSocketManager.m */,
			);
			name = Socket;
			sourceTree = "<group>";
		};
		F425845A1F70EDEE00DDE955 /* StudentFunc */ = {
			isa = PBXGroup;
			children = (
				6916FB281FCAB0CF000C311A /* Add */,
				6916FB271FCAB0BD000C311A /* Modify */,
			);
			name = StudentFunc;
			sourceTree = "<group>";
		};
		F42F3FE01FBAA15000ABFA9B /* tools */ = {
			isa = PBXGroup;
			children = (
				F42F3FE11FBAA1AF00ABFA9B /* LyhaoCommon.h */,
				F42F3FE21FBAA1C800ABFA9B /* LyhaoTools.h */,
				F42F3FE31FBAA1C800ABFA9B /* LyhaoTools.m */,
			);
			name = tools;
			sourceTree = "<group>";
		};
		F4370B421F7E2ACF005FE541 /* NotUse */ = {
			isa = PBXGroup;
			children = (
				F42584541F6FBF5800DDE955 /* lyhaoStreamManager.h */,
				F42584551F6FBF5800DDE955 /* lyhaoStreamManager.m */,
			);
			name = NotUse;
			sourceTree = "<group>";
		};
		F44127391F6B75830074720F = {
			isa = PBXGroup;
			children = (
				F44127441F6B75830074720F /* cfstreamMsg */,
				F44127431F6B75830074720F /* Products */,
			);
			sourceTree = "<group>";
		};
		F44127431F6B75830074720F /* Products */ = {
			isa = PBXGroup;
			children = (
				F44127421F6B75830074720F /* cfstreamMsg.app */,
			);
			name = Products;
			sourceTree = "<group>";
		};
		F44127441F6B75830074720F /* cfstreamMsg */ = {
			isa = PBXGroup;
			children = (
				F42F3FE01FBAA15000ABFA9B /* tools */,
				F44127481F6B75830074720F /* AppDelegate.h */,
				F44127491F6B75830074720F /* AppDelegate.m */,
				F42584531F6FBF3500DDE955 /* Socket */,
				F42584521F6FBF2000DDE955 /* Student */,
				F425845A1F70EDEE00DDE955 /* StudentFunc */,
				F44127531F6B75830074720F /* LaunchScreen.storyboard */,
				F44127561F6B75830074720F /* Info.plist */,
				F44127451F6B75830074720F /* Supporting Files */,
			);
			path = cfstreamMsg;
			sourceTree = "<group>";
		};
		F44127451F6B75830074720F /* Supporting Files */ = {
			isa = PBXGroup;
			children = (
				F44127461F6B75830074720F /* main.m */,
			);
			name = "Supporting Files";
			sourceTree = "<group>";
		};
/* End PBXGroup section */

/* Begin PBXNativeTarget section */
		F44127411F6B75830074720F /* cfstreamMsg */ = {
			isa = PBXNativeTarget;
			buildConfigurationList = F44127591F6B75830074720F /* Build configuration list for PBXNativeTarget "cfstreamMsg" */;
			buildPhases = (
				F441273E1F6B75830074720F /* Sources */,
				F441273F1F6B75830074720F /* Frameworks */,
				F44127401F6B75830074720F /* Resources */,
			);
			buildRules = (
			);
			dependencies = (
			);
			name = cfstreamMsg;
			productName = cfstreamMsg;
			productReference = F44127421F6B75830074720F /* cfstreamMsg.app */;
			productType = "com.apple.product-type.application";
		};
/* End PBXNativeTarget section */

/* Begin PBXProject section */
		F441273A1F6B75830074720F /* Project object */ = {
			isa = PBXProject;
			attributes = {
				LastUpgradeCheck = 0900;
				ORGANIZATIONNAME = lyhao;
				TargetAttributes = {
					F44127411F6B75830074720F = {
						CreatedOnToolsVersion = 8.3.3;
						DevelopmentTeam = 23DLV7ATD9;
						ProvisioningStyle = Automatic;
					};
				};
			};
			buildConfigurationList = F441273D1F6B75830074720F /* Build configuration list for PBXProject "cfstreamMsg" */;
			compatibilityVersion = "Xcode 3.2";
			developmentRegion = English;
			hasScannedForEncodings = 0;
			knownRegions = (
				en,
				Base,
			);
			mainGroup = F44127391F6B75830074720F;
			productRefGroup = F44127431F6B75830074720F /* Products */;
			projectDirPath = "";
			projectRoot = "";
			targets = (
				F44127411F6B75830074720F /* cfstreamMsg */,
			);
		};
/* End PBXProject section */

/* Begin PBXResourcesBuildPhase section */
		F44127401F6B75830074720F /* Resources */ = {
			isa = PBXResourcesBuildPhase;
			buildActionMask = 2147483647;
			files = (
				6916FB261FCAB0B3000C311A /* ModifyTableViewCell.xib in Resources */,
				F425845F1F70EE1700DDE955 /* ModifyViewController.xib in Resources */,
				F4AABE811F6FBA1E003526CD /* StudentDetailTableViewCell.xib in Resources */,
				F4AABE7C1F6FBA03003526CD /* StudentListViewController.xib in Resources */,
				F4899F401F986F97004D7584 /* StudentLoginRegisterViewController.xib in Resources */,
				F44127551F6B75830074720F /* LaunchScreen.storyboard in Resources */,
				F42584641F70F2E700DDE955 /* AddViewController.xib in Resources */,
			);
			runOnlyForDeploymentPostprocessing = 0;
		};
/* End PBXResourcesBuildPhase section */

/* Begin PBXSourcesBuildPhase section */
		F441273E1F6B75830074720F /* Sources */ = {
			isa = PBXSourcesBuildPhase;
			buildActionMask = 2147483647;
			files = (
				F42584631F70F2E700DDE955 /* AddViewController.m in Sources */,
				F42F3FE41FBAA1C800ABFA9B /* LyhaoTools.m in Sources */,
				F425845E1F70EE1700DDE955 /* ModifyViewController.m in Sources */,
				F4AABE801F6FBA1E003526CD /* StudentDetailTableViewCell.m in Sources */,
				F42584591F6FC3C100DDE955 /* StudentModel.m in Sources */,
				F493EC1D1F6F8F3A001018CE /* lyhaoSocketManager.m in Sources */,
				F4AABE7B1F6FBA03003526CD /* StudentListViewController.m in Sources */,
				F42584561F6FBF5800DDE955 /* lyhaoStreamManager.m in Sources */,
				F441274A1F6B75830074720F /* AppDelegate.m in Sources */,
				F4899F431F987133004D7584 /* StudentUserDefaults.m in Sources */,
				F44127471F6B75830074720F /* main.m in Sources */,
				F4899F3F1F986F97004D7584 /* StudentLoginRegisterViewController.m in Sources */,
				6916FB251FCAB0B3000C311A /* ModifyTableViewCell.m in Sources */,
			);
			runOnlyForDeploymentPostprocessing = 0;
		};
/* End PBXSourcesBuildPhase section */

/* Begin PBXVariantGroup section */
		F44127531F6B75830074720F /* LaunchScreen.storyboard */ = {
			isa = PBXVariantGroup;
			children = (
				F44127541F6B75830074720F /* Base */,
			);
			name = LaunchScreen.storyboard;
			sourceTree = "<group>";
		};
/* End PBXVariantGroup section */

/* Begin XCBuildConfiguration section */
		F44127571F6B75830074720F /* Debug */ = {
			isa = XCBuildConfiguration;
			buildSettings = {
				ALWAYS_SEARCH_USER_PATHS = NO;
				CLANG_ANALYZER_NONNULL = YES;
				CLANG_ANALYZER_NUMBER_OBJECT_CONVERSION = YES_AGGRESSIVE;
				CLANG_CXX_LANGUAGE_STANDARD = "gnu++0x";
				CLANG_CXX_LIBRARY = "libc++";
				CLANG_ENABLE_MODULES = YES;
				CLANG_ENABLE_OBJC_ARC = YES;
				CLANG_WARN_BLOCK_CAPTURE_AUTORELEASING = YES;
				CLANG_WARN_BOOL_CONVERSION = YES;
				CLANG_WARN_COMMA = YES;
				CLANG_WARN_CONSTANT_CONVERSION = YES;
				CLANG_WARN_DIRECT_OBJC_ISA_USAGE = YES_ERROR;
				CLANG_WARN_DOCUMENTATION_COMMENTS = YES;
				CLANG_WARN_EMPTY_BODY = YES;
				CLANG_WARN_ENUM_CONVERSION = YES;
				CLANG_WARN_INFINITE_RECURSION = YES;
				CLANG_WARN_INT_CONVERSION = YES;
				CLANG_WARN_NON_LITERAL_NULL_CONVERSION = YES;
				CLANG_WARN_OBJC_LITERAL_CONVERSION = YES;
				CLANG_WARN_OBJC_ROOT_CLASS = YES_ERROR;
				CLANG_WARN_RANGE_LOOP_ANALYSIS = YES;
				CLANG_WARN_STRICT_PROTOTYPES = YES;
				CLANG_WARN_SUSPICIOUS_MOVE = YES;
				CLANG_WARN_UNREACHABLE_CODE = YES;
				CLANG_WARN__DUPLICATE_METHOD_MATCH = YES;
				"CODE_SIGN_IDENTITY[sdk=iphoneos*]" = "iPhone Developer";
				COPY_PHASE_STRIP = NO;
				DEBUG_INFORMATION_FORMAT = dwarf;
				ENABLE_STRICT_OBJC_MSGSEND = YES;
				ENABLE_TESTABILITY = YES;
				GCC_C_LANGUAGE_STANDARD = gnu99;
				GCC_DYNAMIC_NO_PIC = NO;
				GCC_NO_COMMON_BLOCKS = YES;
				GCC_OPTIMIZATION_LEVEL = 0;
				GCC_PREPROCESSOR_DEFINITIONS = (
					"DEBUG=1",
					"$(inherited)",
				);
				GCC_WARN_64_TO_32_BIT_CONVERSION = YES;
				GCC_WARN_ABOUT_RETURN_TYPE = YES_ERROR;
				GCC_WARN_UNDECLARED_SELECTOR = YES;
				GCC_WARN_UNINITIALIZED_AUTOS = YES_AGGRESSIVE;
				GCC_WARN_UNUSED_FUNCTION = YES;
				GCC_WARN_UNUSED_VARIABLE = YES;
				IPHONEOS_DEPLOYMENT_TARGET = 10.3;
				MTL_ENABLE_DEBUG_INFO = YES;
				ONLY_ACTIVE_ARCH = YES;
				SDKROOT = iphoneos;
				TARGETED_DEVICE_FAMILY = "1,2";
			};
			name = Debug;
		};
		F44127581F6B75830074720F /* Release */ = {
			isa = XCBuildConfiguration;
			buildSettings = {
				ALWAYS_SEARCH_USER_PATHS = NO;
				CLANG_ANALYZER_NONNULL = YES;
				CLANG_ANALYZER_NUMBER_OBJECT_CONVERSION = YES_AGGRESSIVE;
				CLANG_CXX_LANGUAGE_STANDARD = "gnu++0x";
				CLANG_CXX_LIBRARY = "libc++";
				CLANG_ENABLE_MODULES = YES;
				CLANG_ENABLE_OBJC_ARC = YES;
				CLANG_WARN_BLOCK_CAPTURE_AUTORELEASING = YES;
				CLANG_WARN_BOOL_CONVERSION = YES;
				CLANG_WARN_COMMA = YES;
				CLANG_WARN_CONSTANT_CONVERSION = YES;
				CLANG_WARN_DIRECT_OBJC_ISA_USAGE = YES_ERROR;
				CLANG_WARN_DOCUMENTATION_COMMENTS = YES;
				CLANG_WARN_EMPTY_BODY = YES;
				CLANG_WARN_ENUM_CONVERSION = YES;
				CLANG_WARN_INFINITE_RECURSION = YES;
				CLANG_WARN_INT_CONVERSION = YES;
				CLANG_WARN_NON_LITERAL_NULL_CONVERSION = YES;
				CLANG_WARN_OBJC_LITERAL_CONVERSION = YES;
				CLANG_WARN_OBJC_ROOT_CLASS = YES_ERROR;
				CLANG_WARN_RANGE_LOOP_ANALYSIS = YES;
				CLANG_WARN_STRICT_PROTOTYPES = YES;
				CLANG_WARN_SUSPICIOUS_MOVE = YES;
				CLANG_WARN_UNREACHABLE_CODE = YES;
				CLANG_WARN__DUPLICATE_METHOD_MATCH = YES;
				"CODE_SIGN_IDENTITY[sdk=iphoneos*]" = "iPhone Developer";
				COPY_PHASE_STRIP = NO;
				DEBUG_INFORMATION_FORMAT = "dwarf-with-dsym";
				ENABLE_NS_ASSERTIONS = NO;
				ENABLE_STRICT_OBJC_MSGSEND = YES;
				GCC_C_LANGUAGE_STANDARD = gnu99;
				GCC_NO_COMMON_BLOCKS = YES;
				GCC_WARN_64_TO_32_BIT_CONVERSION = YES;
				GCC_WARN_ABOUT_RETURN_TYPE = YES_ERROR;
				GCC_WARN_UNDECLARED_SELECTOR = YES;
				GCC_WARN_UNINITIALIZED_AUTOS = YES_AGGRESSIVE;
				GCC_WARN_UNUSED_FUNCTION = YES;
				GCC_WARN_UNUSED_VARIABLE = YES;
				IPHONEOS_DEPLOYMENT_TARGET = 10.3;
				MTL_ENABLE_DEBUG_INFO = NO;
				SDKROOT = iphoneos;
				TARGETED_DEVICE_FAMILY = "1,2";
				VALIDATE_PRODUCT = YES;
			};
			name = Release;
		};
		F441275A1F6B75830074720F /* Debug */ = {
			isa = XCBuildConfiguration;
			buildSettings = {
				ASSETCATALOG_COMPILER_APPICON_NAME = AppIcon;
				DEVELOPMENT_TEAM = 23DLV7ATD9;
				INFOPLIST_FILE = cfstreamMsg/Info.plist;
				IPHONEOS_DEPLOYMENT_TARGET = 9.0;
				LD_RUNPATH_SEARCH_PATHS = "$(inherited) @executable_path/Frameworks";
				PRODUCT_BUNDLE_IDENTIFIER = com.lyhao.cfstreamMsg;
				PRODUCT_NAME = "$(TARGET_NAME)";
				TARGETED_DEVICE_FAMILY = 1;
			};
			name = Debug;
		};
		F441275B1F6B75830074720F /* Release */ = {
			isa = XCBuildConfiguration;
			buildSettings = {
				ASSETCATALOG_COMPILER_APPICON_NAME = AppIcon;
				DEVELOPMENT_TEAM = 23DLV7ATD9;
				INFOPLIST_FILE = cfstreamMsg/Info.plist;
				IPHONEOS_DEPLOYMENT_TARGET = 9.0;
				LD_RUNPATH_SEARCH_PATHS = "$(inherited) @executable_path/Frameworks";
				PRODUCT_BUNDLE_IDENTIFIER = com.lyhao.cfstreamMsg;
				PRODUCT_NAME = "$(TARGET_NAME)";
				TARGETED_DEVICE_FAMILY = 1;
			};
			name = Release;
		};
/* End XCBuildConfiguration section */

/* Begin XCConfigurationList section */
		F441273D1F6B75830074720F /* Build configuration list for PBXProject "cfstreamMsg" */ = {
			isa = XCConfigurationList;
			buildConfigurations = (
				F44127571F6B75830074720F /* Debug */,
				F44127581F6B75830074720F /* Release */,
			);
			defaultConfigurationIsVisible = 0;
			defaultConfigurationName = Release;
		};
		F44127591F6B75830074720F /* Build configuration list for PBXNativeTarget "cfstreamMsg" */ = {
			isa = XCConfigurationList;
			buildConfigurations = (
				F441275A1F6B75830074720F /* Debug */,
				F441275B1F6B75830074720F /* Release */,
			);
			defaultConfigurationIsVisible = 0;
			defaultConfigurationName = Release;
		};
/* End XCConfigurationList section */
	};
	rootObject = F441273A1F6B75830074720F /* Project object */;
}
